
Microsoft Visual Studio Solution File, Format Version 12.00
# Visual Studio 15
VisualStudioVersion = 15.0.28307.1972
MinimumVisualStudioVersion = 10.0.40219.1
Project("{FAE04EC0-301F-11D3-BF4B-00C04F79EFBC}") = "GorselProgramlamaOdev2", "GorselProgramlamaOdev2\GorselProgramlamaOdev2.csproj", "{29D52B89-D074-4015-8FE5-D953DD12991E}"
EndProject
Global
	GlobalSection(SolutionConfigurationPlatforms) = preSolution
		Debug|Any CPU = Debug|Any CPU
		Release|Any CPU = Release|Any CPU
	EndGlobalSection
	GlobalSection(ProjectConfigurationPlatforms) = postSolution
		{29D52B89-D074-4015-8FE5-D953DD12991E}.Debug|Any CPU.ActiveCfg = Debug|Any CPU
		{29D52B89-D074-4015-8FE5-D953DD12991E}.Debug|Any CPU.Build.0 = Debug|Any CPU
		{29D52B89-D074-4015-8FE5-D953DD12991E}.Release|Any CPU.ActiveCfg = Release|Any CPU
		{29D52B89-D074-4015-8FE5-D953DD12991E}.Release|Any CPU.Build.0 = Release|Any CPU
	EndGlobalSection
	GlobalSection(SolutionProperties) = preSolution
		HideSolutionNode = FALSE
	EndGlobalSection
	GlobalSection(ExtensibilityGlobals) = postSolution
		SolutionGuid = {DCC2C217-9194-479B-B0E7-DE0C0528C0F7}
	EndGlobalSection
EndGlobal
